// !$*UTF8*$!
{
	archiveVersion = 1;
	classes = {
	};
	objectVersion = 50;
	objects = {

/* Begin PBXBuildFile section */
		01A04734CDB66F3BF0D1B8E3 /* Pods_btcwatchUITests.framework in Frameworks */ = {isa = PBXBuildFile; fileRef = 8DC8636AA4F5784555AF4E54 /* Pods_btcwatchUITests.framework */; };
		16EFDB7CA77D299CDEF0BDC5 /* Pods_Watch.framework in Frameworks */ = {isa = PBXBuildFile; fileRef = 01BDC8B12469AB3547D48FB2 /* Pods_Watch.framework */; };
		24EFE377BC2817CBCBBCBAB9 /* Pods_btcwatchTests.framework in Frameworks */ = {isa = PBXBuildFile; fileRef = FE107E99C75433C84604AF76 /* Pods_btcwatchTests.framework */; };
		CE464CFB21F9BA4900B4573F /* AppDelegate.swift in Sources */ = {isa = PBXBuildFile; fileRef = CE464CFA21F9BA4900B4573F /* AppDelegate.swift */; };
		CE464CFD21F9BA4900B4573F /* MainViewController.swift in Sources */ = {isa = PBXBuildFile; fileRef = CE464CFC21F9BA4900B4573F /* MainViewController.swift */; };
		CE464D0021F9BA4900B4573F /* Main.storyboard in Resources */ = {isa = PBXBuildFile; fileRef = CE464CFE21F9BA4900B4573F /* Main.storyboard */; };
		CE464D0221F9BA4C00B4573F /* Assets.xcassets in Resources */ = {isa = PBXBuildFile; fileRef = CE464D0121F9BA4C00B4573F /* Assets.xcassets */; };
		CE464D0521F9BA4C00B4573F /* LaunchScreen.storyboard in Resources */ = {isa = PBXBuildFile; fileRef = CE464D0321F9BA4C00B4573F /* LaunchScreen.storyboard */; };
		CE464D1B21F9BA4C00B4573F /* btcwatchUITests.swift in Sources */ = {isa = PBXBuildFile; fileRef = CE464D1A21F9BA4C00B4573F /* btcwatchUITests.swift */; };
		CE464D2E21F9BC4700B4573F /* Interface.storyboard in Resources */ = {isa = PBXBuildFile; fileRef = CE464D2C21F9BC4700B4573F /* Interface.storyboard */; };
		CE464D3021F9BC4A00B4573F /* Assets.xcassets in Resources */ = {isa = PBXBuildFile; fileRef = CE464D2F21F9BC4A00B4573F /* Assets.xcassets */; };
		CE464D3721F9BC4A00B4573F /* Watch Extension.appex in Embed App Extensions */ = {isa = PBXBuildFile; fileRef = CE464D3621F9BC4A00B4573F /* Watch Extension.appex */; settings = {ATTRIBUTES = (RemoveHeadersOnCopy, ); }; };
		CE464D3E21F9BC4A00B4573F /* ExtensionDelegate.swift in Sources */ = {isa = PBXBuildFile; fileRef = CE464D3D21F9BC4A00B4573F /* ExtensionDelegate.swift */; };
		CE464D4021F9BC4B00B4573F /* Assets.xcassets in Resources */ = {isa = PBXBuildFile; fileRef = CE464D3F21F9BC4B00B4573F /* Assets.xcassets */; };
		CE464D4421F9BC4B00B4573F /* Watch.app in Embed Watch Content */ = {isa = PBXBuildFile; fileRef = CE464D2A21F9BC4700B4573F /* Watch.app */; };
		CE464D5121F9CCD900B4573F /* RequestAndDecode.swift in Sources */ = {isa = PBXBuildFile; fileRef = CE464D5021F9CCD900B4573F /* RequestAndDecode.swift */; };
		CE464D5221F9CCD900B4573F /* RequestAndDecode.swift in Sources */ = {isa = PBXBuildFile; fileRef = CE464D5021F9CCD900B4573F /* RequestAndDecode.swift */; };
		CE464D5621F9D6BC00B4573F /* BtcRateTableViewCell.swift in Sources */ = {isa = PBXBuildFile; fileRef = CE464D5521F9D6BC00B4573F /* BtcRateTableViewCell.swift */; };
		CE7C780F21FE0DDC008D22DB /* BpiInterfaceController.swift in Sources */ = {isa = PBXBuildFile; fileRef = CE7C780E21FE0DDC008D22DB /* BpiInterfaceController.swift */; };
		CE7C781221FE1DF5008D22DB /* BpiRowController.swift in Sources */ = {isa = PBXBuildFile; fileRef = CE7C781121FE1DF5008D22DB /* BpiRowController.swift */; };
		CEEA445321FB87EA00F44A8A /* btcwatchTests.swift in Sources */ = {isa = PBXBuildFile; fileRef = CE464D0F21F9BA4C00B4573F /* btcwatchTests.swift */; };
		CEEA445521FD00A900F44A8A /* BpiData.swift in Sources */ = {isa = PBXBuildFile; fileRef = CEEA445421FD00A800F44A8A /* BpiData.swift */; };
		CEEA445621FD00A900F44A8A /* BpiData.swift in Sources */ = {isa = PBXBuildFile; fileRef = CEEA445421FD00A800F44A8A /* BpiData.swift */; };
		CEEA445821FD17F200F44A8A /* Extensions.swift in Sources */ = {isa = PBXBuildFile; fileRef = CEEA445721FD17F200F44A8A /* Extensions.swift */; };
		CEEA445921FD17F200F44A8A /* Extensions.swift in Sources */ = {isa = PBXBuildFile; fileRef = CEEA445721FD17F200F44A8A /* Extensions.swift */; };
		CEEA445B21FD18E300F44A8A /* API.swift in Sources */ = {isa = PBXBuildFile; fileRef = CEEA445A21FD18E300F44A8A /* API.swift */; };
		CEEA445C21FD18E300F44A8A /* API.swift in Sources */ = {isa = PBXBuildFile; fileRef = CEEA445A21FD18E300F44A8A /* API.swift */; };
		CEEA445E21FD1B6000F44A8A /* BpiDataHistoric.swift in Sources */ = {isa = PBXBuildFile; fileRef = CEEA445D21FD1B6000F44A8A /* BpiDataHistoric.swift */; };
		CEEA445F21FD1B6000F44A8A /* BpiDataHistoric.swift in Sources */ = {isa = PBXBuildFile; fileRef = CEEA445D21FD1B6000F44A8A /* BpiDataHistoric.swift */; };
		CEEA446121FD1E5A00F44A8A /* UserDefaultsKeys.swift in Sources */ = {isa = PBXBuildFile; fileRef = CEEA446021FD1E5A00F44A8A /* UserDefaultsKeys.swift */; };
		CEEA446221FD1E5A00F44A8A /* UserDefaultsKeys.swift in Sources */ = {isa = PBXBuildFile; fileRef = CEEA446021FD1E5A00F44A8A /* UserDefaultsKeys.swift */; };
		D4BC8FF645A7A1BEB864511F /* Pods_Watch_Extension.framework in Frameworks */ = {isa = PBXBuildFile; fileRef = AB652F312A10D93B94D8D75D /* Pods_Watch_Extension.framework */; };
		EDEA61158C6BC7B0A47E2834 /* Pods_btcwatch.framework in Frameworks */ = {isa = PBXBuildFile; fileRef = AB1748F94A49EA117500655F /* Pods_btcwatch.framework */; };
/* End PBXBuildFile section */

/* Begin PBXContainerItemProxy section */
		CE464D0C21F9BA4C00B4573F /* PBXContainerItemProxy */ = {
			isa = PBXContainerItemProxy;
			containerPortal = CE464CEF21F9BA4800B4573F /* Project object */;
			proxyType = 1;
			remoteGlobalIDString = CE464CF621F9BA4900B4573F;
			remoteInfo = btcwatch;
		};
		CE464D1721F9BA4C00B4573F /* PBXContainerItemProxy */ = {
			isa = PBXContainerItemProxy;
			containerPortal = CE464CEF21F9BA4800B4573F /* Project object */;
			proxyType = 1;
			remoteGlobalIDString = CE464CF621F9BA4900B4573F;
			remoteInfo = btcwatch;
		};
		CE464D3821F9BC4A00B4573F /* PBXContainerItemProxy */ = {
			isa = PBXContainerItemProxy;
			containerPortal = CE464CEF21F9BA4800B4573F /* Project object */;
			proxyType = 1;
			remoteGlobalIDString = CE464D3521F9BC4A00B4573F;
			remoteInfo = "Watch Extension";
		};
		CE464D4221F9BC4B00B4573F /* PBXContainerItemProxy */ = {
			isa = PBXContainerItemProxy;
			containerPortal = CE464CEF21F9BA4800B4573F /* Project object */;
			proxyType = 1;
			remoteGlobalIDString = CE464D2921F9BC4700B4573F;
			remoteInfo = Watch;
		};
/* End PBXContainerItemProxy section */

/* Begin PBXCopyFilesBuildPhase section */
		CE464D4821F9BC4B00B4573F /* Embed App Extensions */ = {
			isa = PBXCopyFilesBuildPhase;
			buildActionMask = 2147483647;
			dstPath = "";
			dstSubfolderSpec = 13;
			files = (
				CE464D3721F9BC4A00B4573F /* Watch Extension.appex in Embed App Extensions */,
			);
			name = "Embed App Extensions";
			runOnlyForDeploymentPostprocessing = 0;
		};
		CE464D4C21F9BC4B00B4573F /* Embed Watch Content */ = {
			isa = PBXCopyFilesBuildPhase;
			buildActionMask = 2147483647;
			dstPath = "$(CONTENTS_FOLDER_PATH)/Watch";
			dstSubfolderSpec = 16;
			files = (
				CE464D4421F9BC4B00B4573F /* Watch.app in Embed Watch Content */,
			);
			name = "Embed Watch Content";
			runOnlyForDeploymentPostprocessing = 0;
		};
/* End PBXCopyFilesBuildPhase section */

/* Begin PBXFileReference section */
		01BDC8B12469AB3547D48FB2 /* Pods_Watch.framework */ = {isa = PBXFileReference; explicitFileType = wrapper.framework; includeInIndex = 0; path = Pods_Watch.framework; sourceTree = BUILT_PRODUCTS_DIR; };
		07B8587708135F5D6A4E3988 /* Pods-btcwatchTests.release.xcconfig */ = {isa = PBXFileReference; includeInIndex = 1; lastKnownFileType = text.xcconfig; name = "Pods-btcwatchTests.release.xcconfig"; path = "Pods/Target Support Files/Pods-btcwatchTests/Pods-btcwatchTests.release.xcconfig"; sourceTree = "<group>"; };
		17EBFD05130A35FE6664053B /* Pods-btcwatch.debug.xcconfig */ = {isa = PBXFileReference; includeInIndex = 1; lastKnownFileType = text.xcconfig; name = "Pods-btcwatch.debug.xcconfig"; path = "Pods/Target Support Files/Pods-btcwatch/Pods-btcwatch.debug.xcconfig"; sourceTree = "<group>"; };
		3F421E66E0C2796B3BDD203B /* Pods-Watch Extension.debug.xcconfig */ = {isa = PBXFileReference; includeInIndex = 1; lastKnownFileType = text.xcconfig; name = "Pods-Watch Extension.debug.xcconfig"; path = "Pods/Target Support Files/Pods-Watch Extension/Pods-Watch Extension.debug.xcconfig"; sourceTree = "<group>"; };
		59ADA540CD4175092E289BF2 /* Pods-btcwatch.release.xcconfig */ = {isa = PBXFileReference; includeInIndex = 1; lastKnownFileType = text.xcconfig; name = "Pods-btcwatch.release.xcconfig"; path = "Pods/Target Support Files/Pods-btcwatch/Pods-btcwatch.release.xcconfig"; sourceTree = "<group>"; };
		77A9439B28B1D9990D4348DB /* Pods-Watch Extension.release.xcconfig */ = {isa = PBXFileReference; includeInIndex = 1; lastKnownFileType = text.xcconfig; name = "Pods-Watch Extension.release.xcconfig"; path = "Pods/Target Support Files/Pods-Watch Extension/Pods-Watch Extension.release.xcconfig"; sourceTree = "<group>"; };
		7B900117BBFA4B9A03AFBB7D /* Pods-btcwatchUITests.release.xcconfig */ = {isa = PBXFileReference; includeInIndex = 1; lastKnownFileType = text.xcconfig; name = "Pods-btcwatchUITests.release.xcconfig"; path = "Pods/Target Support Files/Pods-btcwatchUITests/Pods-btcwatchUITests.release.xcconfig"; sourceTree = "<group>"; };
		7CDE6668D798F7425F4CD1B0 /* Pods-btcwatchTests.debug.xcconfig */ = {isa = PBXFileReference; includeInIndex = 1; lastKnownFileType = text.xcconfig; name = "Pods-btcwatchTests.debug.xcconfig"; path = "Pods/Target Support Files/Pods-btcwatchTests/Pods-btcwatchTests.debug.xcconfig"; sourceTree = "<group>"; };
		86EDE8B88FD9AB7D9749E723 /* Pods-Watch.release.xcconfig */ = {isa = PBXFileReference; includeInIndex = 1; lastKnownFileType = text.xcconfig; name = "Pods-Watch.release.xcconfig"; path = "Pods/Target Support Files/Pods-Watch/Pods-Watch.release.xcconfig"; sourceTree = "<group>"; };
		8DC8636AA4F5784555AF4E54 /* Pods_btcwatchUITests.framework */ = {isa = PBXFileReference; explicitFileType = wrapper.framework; includeInIndex = 0; path = Pods_btcwatchUITests.framework; sourceTree = BUILT_PRODUCTS_DIR; };
		946F65EB31DE2142531FF8CD /* Pods-btcwatchUITests.debug.xcconfig */ = {isa = PBXFileReference; includeInIndex = 1; lastKnownFileType = text.xcconfig; name = "Pods-btcwatchUITests.debug.xcconfig"; path = "Pods/Target Support Files/Pods-btcwatchUITests/Pods-btcwatchUITests.debug.xcconfig"; sourceTree = "<group>"; };
		AB1748F94A49EA117500655F /* Pods_btcwatch.framework */ = {isa = PBXFileReference; explicitFileType = wrapper.framework; includeInIndex = 0; path = Pods_btcwatch.framework; sourceTree = BUILT_PRODUCTS_DIR; };
		AB652F312A10D93B94D8D75D /* Pods_Watch_Extension.framework */ = {isa = PBXFileReference; explicitFileType = wrapper.framework; includeInIndex = 0; path = Pods_Watch_Extension.framework; sourceTree = BUILT_PRODUCTS_DIR; };
		CE464CF721F9BA4900B4573F /* btcwatch.app */ = {isa = PBXFileReference; explicitFileType = wrapper.application; includeInIndex = 0; path = btcwatch.app; sourceTree = BUILT_PRODUCTS_DIR; };
		CE464CFA21F9BA4900B4573F /* AppDelegate.swift */ = {isa = PBXFileReference; lastKnownFileType = sourcecode.swift; path = AppDelegate.swift; sourceTree = "<group>"; };
		CE464CFC21F9BA4900B4573F /* MainViewController.swift */ = {isa = PBXFileReference; lastKnownFileType = sourcecode.swift; path = MainViewController.swift; sourceTree = "<group>"; };
		CE464CFF21F9BA4900B4573F /* Base */ = {isa = PBXFileReference; lastKnownFileType = file.storyboard; name = Base; path = Base.lproj/Main.storyboard; sourceTree = "<group>"; };
		CE464D0121F9BA4C00B4573F /* Assets.xcassets */ = {isa = PBXFileReference; lastKnownFileType = folder.assetcatalog; path = Assets.xcassets; sourceTree = "<group>"; };
		CE464D0421F9BA4C00B4573F /* Base */ = {isa = PBXFileReference; lastKnownFileType = file.storyboard; name = Base; path = Base.lproj/LaunchScreen.storyboard; sourceTree = "<group>"; };
		CE464D0621F9BA4C00B4573F /* Info.plist */ = {isa = PBXFileReference; lastKnownFileType = text.plist.xml; path = Info.plist; sourceTree = "<group>"; };
		CE464D0B21F9BA4C00B4573F /* btcwatchTests.xctest */ = {isa = PBXFileReference; explicitFileType = wrapper.cfbundle; includeInIndex = 0; path = btcwatchTests.xctest; sourceTree = BUILT_PRODUCTS_DIR; };
		CE464D0F21F9BA4C00B4573F /* btcwatchTests.swift */ = {isa = PBXFileReference; lastKnownFileType = sourcecode.swift; path = btcwatchTests.swift; sourceTree = "<group>"; };
		CE464D1121F9BA4C00B4573F /* Info.plist */ = {isa = PBXFileReference; lastKnownFileType = text.plist.xml; path = Info.plist; sourceTree = "<group>"; };
		CE464D1621F9BA4C00B4573F /* btcwatchUITests.xctest */ = {isa = PBXFileReference; explicitFileType = wrapper.cfbundle; includeInIndex = 0; path = btcwatchUITests.xctest; sourceTree = BUILT_PRODUCTS_DIR; };
		CE464D1A21F9BA4C00B4573F /* btcwatchUITests.swift */ = {isa = PBXFileReference; lastKnownFileType = sourcecode.swift; path = btcwatchUITests.swift; sourceTree = "<group>"; };
		CE464D1C21F9BA4C00B4573F /* Info.plist */ = {isa = PBXFileReference; lastKnownFileType = text.plist.xml; path = Info.plist; sourceTree = "<group>"; };
		CE464D2A21F9BC4700B4573F /* Watch.app */ = {isa = PBXFileReference; explicitFileType = wrapper.application; includeInIndex = 0; path = Watch.app; sourceTree = BUILT_PRODUCTS_DIR; };
		CE464D2D21F9BC4700B4573F /* Base */ = {isa = PBXFileReference; lastKnownFileType = file.storyboard; name = Base; path = Base.lproj/Interface.storyboard; sourceTree = "<group>"; };
		CE464D2F21F9BC4A00B4573F /* Assets.xcassets */ = {isa = PBXFileReference; lastKnownFileType = folder.assetcatalog; path = Assets.xcassets; sourceTree = "<group>"; };
		CE464D3121F9BC4A00B4573F /* Info.plist */ = {isa = PBXFileReference; lastKnownFileType = text.plist.xml; path = Info.plist; sourceTree = "<group>"; };
		CE464D3621F9BC4A00B4573F /* Watch Extension.appex */ = {isa = PBXFileReference; explicitFileType = "wrapper.app-extension"; includeInIndex = 0; path = "Watch Extension.appex"; sourceTree = BUILT_PRODUCTS_DIR; };
		CE464D3D21F9BC4A00B4573F /* ExtensionDelegate.swift */ = {isa = PBXFileReference; lastKnownFileType = sourcecode.swift; path = ExtensionDelegate.swift; sourceTree = "<group>"; };
		CE464D3F21F9BC4B00B4573F /* Assets.xcassets */ = {isa = PBXFileReference; lastKnownFileType = folder.assetcatalog; path = Assets.xcassets; sourceTree = "<group>"; };
		CE464D4121F9BC4B00B4573F /* Info.plist */ = {isa = PBXFileReference; lastKnownFileType = text.plist.xml; path = Info.plist; sourceTree = "<group>"; };
		CE464D5021F9CCD900B4573F /* RequestAndDecode.swift */ = {isa = PBXFileReference; lastKnownFileType = sourcecode.swift; path = RequestAndDecode.swift; sourceTree = "<group>"; };
		CE464D5521F9D6BC00B4573F /* BtcRateTableViewCell.swift */ = {isa = PBXFileReference; lastKnownFileType = sourcecode.swift; path = BtcRateTableViewCell.swift; sourceTree = "<group>"; };
		CE7C780E21FE0DDC008D22DB /* BpiInterfaceController.swift */ = {isa = PBXFileReference; lastKnownFileType = sourcecode.swift; path = BpiInterfaceController.swift; sourceTree = "<group>"; };
		CE7C781121FE1DF5008D22DB /* BpiRowController.swift */ = {isa = PBXFileReference; lastKnownFileType = sourcecode.swift; path = BpiRowController.swift; sourceTree = "<group>"; };
		CEE4150821FE33E40083296A /* btcwatch.entitlements */ = {isa = PBXFileReference; lastKnownFileType = text.plist.entitlements; path = btcwatch.entitlements; sourceTree = "<group>"; };
		CEE4150921FE34290083296A /* Watch Extension.entitlements */ = {isa = PBXFileReference; lastKnownFileType = text.plist.entitlements; path = "Watch Extension.entitlements"; sourceTree = "<group>"; };
		CEEA445421FD00A800F44A8A /* BpiData.swift */ = {isa = PBXFileReference; lastKnownFileType = sourcecode.swift; path = BpiData.swift; sourceTree = "<group>"; };
		CEEA445721FD17F200F44A8A /* Extensions.swift */ = {isa = PBXFileReference; lastKnownFileType = sourcecode.swift; path = Extensions.swift; sourceTree = "<group>"; };
		CEEA445A21FD18E300F44A8A /* API.swift */ = {isa = PBXFileReference; lastKnownFileType = sourcecode.swift; path = API.swift; sourceTree = "<group>"; };
		CEEA445D21FD1B6000F44A8A /* BpiDataHistoric.swift */ = {isa = PBXFileReference; lastKnownFileType = sourcecode.swift; path = BpiDataHistoric.swift; sourceTree = "<group>"; };
		CEEA446021FD1E5A00F44A8A /* UserDefaultsKeys.swift */ = {isa = PBXFileReference; lastKnownFileType = sourcecode.swift; path = UserDefaultsKeys.swift; sourceTree = "<group>"; };
		DA47B8660493AFA5354F8A12 /* Pods-Watch.debug.xcconfig */ = {isa = PBXFileReference; includeInIndex = 1; lastKnownFileType = text.xcconfig; name = "Pods-Watch.debug.xcconfig"; path = "Pods/Target Support Files/Pods-Watch/Pods-Watch.debug.xcconfig"; sourceTree = "<group>"; };
		FE107E99C75433C84604AF76 /* Pods_btcwatchTests.framework */ = {isa = PBXFileReference; explicitFileType = wrapper.framework; includeInIndex = 0; path = Pods_btcwatchTests.framework; sourceTree = BUILT_PRODUCTS_DIR; };
/* End PBXFileReference section */

/* Begin PBXFrameworksBuildPhase section */
		9AF9D4E44FB3F26262C1681B /* Frameworks */ = {
			isa = PBXFrameworksBuildPhase;
			buildActionMask = 2147483647;
			files = (
				16EFDB7CA77D299CDEF0BDC5 /* Pods_Watch.framework in Frameworks */,
			);
			runOnlyForDeploymentPostprocessing = 0;
		};
		CE464CF421F9BA4900B4573F /* Frameworks */ = {
			isa = PBXFrameworksBuildPhase;
			buildActionMask = 2147483647;
			files = (
				EDEA61158C6BC7B0A47E2834 /* Pods_btcwatch.framework in Frameworks */,
			);
			runOnlyForDeploymentPostprocessing = 0;
		};
		CE464D0821F9BA4C00B4573F /* Frameworks */ = {
			isa = PBXFrameworksBuildPhase;
			buildActionMask = 2147483647;
			files = (
				24EFE377BC2817CBCBBCBAB9 /* Pods_btcwatchTests.framework in Frameworks */,
			);
			runOnlyForDeploymentPostprocessing = 0;
		};
		CE464D1321F9BA4C00B4573F /* Frameworks */ = {
			isa = PBXFrameworksBuildPhase;
			buildActionMask = 2147483647;
			files = (
				01A04734CDB66F3BF0D1B8E3 /* Pods_btcwatchUITests.framework in Frameworks */,
			);
			runOnlyForDeploymentPostprocessing = 0;
		};
		CE464D3321F9BC4A00B4573F /* Frameworks */ = {
			isa = PBXFrameworksBuildPhase;
			buildActionMask = 2147483647;
			files = (
				D4BC8FF645A7A1BEB864511F /* Pods_Watch_Extension.framework in Frameworks */,
			);
			runOnlyForDeploymentPostprocessing = 0;
		};
/* End PBXFrameworksBuildPhase section */

/* Begin PBXGroup section */
		18796E07CBACF28A1353699E /* Frameworks */ = {
			isa = PBXGroup;
			children = (
				01BDC8B12469AB3547D48FB2 /* Pods_Watch.framework */,
				AB652F312A10D93B94D8D75D /* Pods_Watch_Extension.framework */,
				AB1748F94A49EA117500655F /* Pods_btcwatch.framework */,
				FE107E99C75433C84604AF76 /* Pods_btcwatchTests.framework */,
				8DC8636AA4F5784555AF4E54 /* Pods_btcwatchUITests.framework */,
			);
			name = Frameworks;
			sourceTree = "<group>";
		};
		CE464CEE21F9BA4800B4573F = {
			isa = PBXGroup;
			children = (
				CE464D5421F9CCFE00B4573F /* Shared */,
				CE464CF921F9BA4900B4573F /* btcwatch */,
				CE464D0E21F9BA4C00B4573F /* btcwatchTests */,
				CE464D1921F9BA4C00B4573F /* btcwatchUITests */,
				CE464D2B21F9BC4700B4573F /* Watch */,
				CE464D3A21F9BC4A00B4573F /* Watch Extension */,
				CE464CF821F9BA4900B4573F /* Products */,
				ECC413B46CC96CBAFEA48995 /* Pods */,
				18796E07CBACF28A1353699E /* Frameworks */,
			);
			sourceTree = "<group>";
		};
		CE464CF821F9BA4900B4573F /* Products */ = {
			isa = PBXGroup;
			children = (
				CE464CF721F9BA4900B4573F /* btcwatch.app */,
				CE464D0B21F9BA4C00B4573F /* btcwatchTests.xctest */,
				CE464D1621F9BA4C00B4573F /* btcwatchUITests.xctest */,
				CE464D2A21F9BC4700B4573F /* Watch.app */,
				CE464D3621F9BC4A00B4573F /* Watch Extension.appex */,
			);
			name = Products;
			sourceTree = "<group>";
		};
		CE464CF921F9BA4900B4573F /* btcwatch */ = {
			isa = PBXGroup;
			children = (
				CEE4150821FE33E40083296A /* btcwatch.entitlements */,
				CE464CFA21F9BA4900B4573F /* AppDelegate.swift */,
				CE464CFC21F9BA4900B4573F /* MainViewController.swift */,
				CE464D5521F9D6BC00B4573F /* BtcRateTableViewCell.swift */,
				CE464CFE21F9BA4900B4573F /* Main.storyboard */,
				CE464D0121F9BA4C00B4573F /* Assets.xcassets */,
				CE464D0321F9BA4C00B4573F /* LaunchScreen.storyboard */,
				CE464D0621F9BA4C00B4573F /* Info.plist */,
			);
			path = btcwatch;
			sourceTree = "<group>";
		};
		CE464D0E21F9BA4C00B4573F /* btcwatchTests */ = {
			isa = PBXGroup;
			children = (
				CE464D0F21F9BA4C00B4573F /* btcwatchTests.swift */,
				CE464D1121F9BA4C00B4573F /* Info.plist */,
			);
			path = btcwatchTests;
			sourceTree = "<group>";
		};
		CE464D1921F9BA4C00B4573F /* btcwatchUITests */ = {
			isa = PBXGroup;
			children = (
				CE464D1A21F9BA4C00B4573F /* btcwatchUITests.swift */,
				CE464D1C21F9BA4C00B4573F /* Info.plist */,
			);
			path = btcwatchUITests;
			sourceTree = "<group>";
		};
		CE464D2B21F9BC4700B4573F /* Watch */ = {
			isa = PBXGroup;
			children = (
				CE464D2C21F9BC4700B4573F /* Interface.storyboard */,
				CE464D2F21F9BC4A00B4573F /* Assets.xcassets */,
				CE464D3121F9BC4A00B4573F /* Info.plist */,
			);
			path = Watch;
			sourceTree = "<group>";
		};
		CE464D3A21F9BC4A00B4573F /* Watch Extension */ = {
			isa = PBXGroup;
			children = (
				CEE4150921FE34290083296A /* Watch Extension.entitlements */,
				CE464D3D21F9BC4A00B4573F /* ExtensionDelegate.swift */,
				CE464D3F21F9BC4B00B4573F /* Assets.xcassets */,
				CE464D4121F9BC4B00B4573F /* Info.plist */,
				CE7C780E21FE0DDC008D22DB /* BpiInterfaceController.swift */,
				CE7C781121FE1DF5008D22DB /* BpiRowController.swift */,
			);
			path = "Watch Extension";
			sourceTree = "<group>";
		};
		CE464D5421F9CCFE00B4573F /* Shared */ = {
			isa = PBXGroup;
			children = (
				CE464D5021F9CCD900B4573F /* RequestAndDecode.swift */,
				CEEA445421FD00A800F44A8A /* BpiData.swift */,
				CEEA445D21FD1B6000F44A8A /* BpiDataHistoric.swift */,
				CEEA445721FD17F200F44A8A /* Extensions.swift */,
				CEEA446021FD1E5A00F44A8A /* UserDefaultsKeys.swift */,
				CEEA445A21FD18E300F44A8A /* API.swift */,
			);
			path = Shared;
			sourceTree = "<group>";
		};
		ECC413B46CC96CBAFEA48995 /* Pods */ = {
			isa = PBXGroup;
			children = (
				DA47B8660493AFA5354F8A12 /* Pods-Watch.debug.xcconfig */,
				86EDE8B88FD9AB7D9749E723 /* Pods-Watch.release.xcconfig */,
				3F421E66E0C2796B3BDD203B /* Pods-Watch Extension.debug.xcconfig */,
				77A9439B28B1D9990D4348DB /* Pods-Watch Extension.release.xcconfig */,
				17EBFD05130A35FE6664053B /* Pods-btcwatch.debug.xcconfig */,
				59ADA540CD4175092E289BF2 /* Pods-btcwatch.release.xcconfig */,
				7CDE6668D798F7425F4CD1B0 /* Pods-btcwatchTests.debug.xcconfig */,
				07B8587708135F5D6A4E3988 /* Pods-btcwatchTests.release.xcconfig */,
				946F65EB31DE2142531FF8CD /* Pods-btcwatchUITests.debug.xcconfig */,
				7B900117BBFA4B9A03AFBB7D /* Pods-btcwatchUITests.release.xcconfig */,
			);
			name = Pods;
			sourceTree = "<group>";
		};
/* End PBXGroup section */

/* Begin PBXNativeTarget section */
		CE464CF621F9BA4900B4573F /* btcwatch */ = {
			isa = PBXNativeTarget;
			buildConfigurationList = CE464D1F21F9BA4C00B4573F /* Build configuration list for PBXNativeTarget "btcwatch" */;
			buildPhases = (
				0B86F4AB79F005BD170E6FB8 /* [CP] Check Pods Manifest.lock */,
				CE464CF321F9BA4900B4573F /* Sources */,
				CE464CF421F9BA4900B4573F /* Frameworks */,
				CE464CF521F9BA4900B4573F /* Resources */,
				CE464D4C21F9BC4B00B4573F /* Embed Watch Content */,
				5FDAD5EF6E0BA49AF71B9A70 /* [CP] Embed Pods Frameworks */,
			);
			buildRules = (
			);
			dependencies = (
				CE464D4321F9BC4B00B4573F /* PBXTargetDependency */,
			);
			name = btcwatch;
			productName = btcwatch;
			productReference = CE464CF721F9BA4900B4573F /* btcwatch.app */;
			productType = "com.apple.product-type.application";
		};
		CE464D0A21F9BA4C00B4573F /* btcwatchTests */ = {
			isa = PBXNativeTarget;
			buildConfigurationList = CE464D2221F9BA4C00B4573F /* Build configuration list for PBXNativeTarget "btcwatchTests" */;
			buildPhases = (
				E04987E92310B1BA47CD0F23 /* [CP] Check Pods Manifest.lock */,
				CE464D0721F9BA4C00B4573F /* Sources */,
				CE464D0821F9BA4C00B4573F /* Frameworks */,
				CE464D0921F9BA4C00B4573F /* Resources */,
			);
			buildRules = (
			);
			dependencies = (
				CE464D0D21F9BA4C00B4573F /* PBXTargetDependency */,
			);
			name = btcwatchTests;
			productName = btcwatchTests;
			productReference = CE464D0B21F9BA4C00B4573F /* btcwatchTests.xctest */;
			productType = "com.apple.product-type.bundle.unit-test";
		};
		CE464D1521F9BA4C00B4573F /* btcwatchUITests */ = {
			isa = PBXNativeTarget;
			buildConfigurationList = CE464D2521F9BA4C00B4573F /* Build configuration list for PBXNativeTarget "btcwatchUITests" */;
			buildPhases = (
				95C5884E6C7EAF095073E521 /* [CP] Check Pods Manifest.lock */,
				CE464D1221F9BA4C00B4573F /* Sources */,
				CE464D1321F9BA4C00B4573F /* Frameworks */,
				CE464D1421F9BA4C00B4573F /* Resources */,
			);
			buildRules = (
			);
			dependencies = (
				CE464D1821F9BA4C00B4573F /* PBXTargetDependency */,
			);
			name = btcwatchUITests;
			productName = btcwatchUITests;
			productReference = CE464D1621F9BA4C00B4573F /* btcwatchUITests.xctest */;
			productType = "com.apple.product-type.bundle.ui-testing";
		};
		CE464D2921F9BC4700B4573F /* Watch */ = {
			isa = PBXNativeTarget;
			buildConfigurationList = CE464D4921F9BC4B00B4573F /* Build configuration list for PBXNativeTarget "Watch" */;
			buildPhases = (
				0C4AE29A6E589A806E5C5B1C /* [CP] Check Pods Manifest.lock */,
				CE464D2821F9BC4700B4573F /* Resources */,
				CE464D4821F9BC4B00B4573F /* Embed App Extensions */,
				9AF9D4E44FB3F26262C1681B /* Frameworks */,
			);
			buildRules = (
			);
			dependencies = (
				CE464D3921F9BC4A00B4573F /* PBXTargetDependency */,
			);
			name = Watch;
			productName = Watch;
			productReference = CE464D2A21F9BC4700B4573F /* Watch.app */;
			productType = "com.apple.product-type.application.watchapp2";
		};
		CE464D3521F9BC4A00B4573F /* Watch Extension */ = {
			isa = PBXNativeTarget;
			buildConfigurationList = CE464D4521F9BC4B00B4573F /* Build configuration list for PBXNativeTarget "Watch Extension" */;
			buildPhases = (
				07B0DF4E7678A55D4A2A5FB1 /* [CP] Check Pods Manifest.lock */,
				CE464D3221F9BC4A00B4573F /* Sources */,
				CE464D3321F9BC4A00B4573F /* Frameworks */,
				CE464D3421F9BC4A00B4573F /* Resources */,
				403396308BAB054C27F987CF /* [CP] Embed Pods Frameworks */,
			);
			buildRules = (
			);
			dependencies = (
			);
			name = "Watch Extension";
			productName = "Watch Extension";
			productReference = CE464D3621F9BC4A00B4573F /* Watch Extension.appex */;
			productType = "com.apple.product-type.watchkit2-extension";
		};
/* End PBXNativeTarget section */

/* Begin PBXProject section */
		CE464CEF21F9BA4800B4573F /* Project object */ = {
			isa = PBXProject;
			attributes = {
				LastSwiftUpdateCheck = 1010;
				LastUpgradeCheck = 1010;
				ORGANIZATIONNAME = MSt;
				TargetAttributes = {
					CE464CF621F9BA4900B4573F = {
						CreatedOnToolsVersion = 10.1;
						SystemCapabilities = {
							com.apple.ApplicationGroups.iOS = {
								enabled = 1;
							};
						};
					};
					CE464D0A21F9BA4C00B4573F = {
						CreatedOnToolsVersion = 10.1;
						TestTargetID = CE464CF621F9BA4900B4573F;
					};
					CE464D1521F9BA4C00B4573F = {
						CreatedOnToolsVersion = 10.1;
						TestTargetID = CE464CF621F9BA4900B4573F;
					};
					CE464D2921F9BC4700B4573F = {
						CreatedOnToolsVersion = 10.1;
					};
					CE464D3521F9BC4A00B4573F = {
						CreatedOnToolsVersion = 10.1;
						SystemCapabilities = {
							com.apple.ApplicationGroups.iOS = {
								enabled = 1;
							};
						};
					};
				};
			};
			buildConfigurationList = CE464CF221F9BA4800B4573F /* Build configuration list for PBXProject "btcwatch" */;
			compatibilityVersion = "Xcode 9.3";
			developmentRegion = en;
			hasScannedForEncodings = 0;
			knownRegions = (
				en,
				Base,
			);
			mainGroup = CE464CEE21F9BA4800B4573F;
			productRefGroup = CE464CF821F9BA4900B4573F /* Products */;
			projectDirPath = "";
			projectRoot = "";
			targets = (
				CE464CF621F9BA4900B4573F /* btcwatch */,
				CE464D0A21F9BA4C00B4573F /* btcwatchTests */,
				CE464D1521F9BA4C00B4573F /* btcwatchUITests */,
				CE464D2921F9BC4700B4573F /* Watch */,
				CE464D3521F9BC4A00B4573F /* Watch Extension */,
			);
		};
/* End PBXProject section */

/* Begin PBXResourcesBuildPhase section */
		CE464CF521F9BA4900B4573F /* Resources */ = {
			isa = PBXResourcesBuildPhase;
			buildActionMask = 2147483647;
			files = (
				CE464D0521F9BA4C00B4573F /* LaunchScreen.storyboard in Resources */,
				CE464D0221F9BA4C00B4573F /* Assets.xcassets in Resources */,
				CE464D0021F9BA4900B4573F /* Main.storyboard in Resources */,
			);
			runOnlyForDeploymentPostprocessing = 0;
		};
		CE464D0921F9BA4C00B4573F /* Resources */ = {
			isa = PBXResourcesBuildPhase;
			buildActionMask = 2147483647;
			files = (
			);
			runOnlyForDeploymentPostprocessing = 0;
		};
		CE464D1421F9BA4C00B4573F /* Resources */ = {
			isa = PBXResourcesBuildPhase;
			buildActionMask = 2147483647;
			files = (
			);
			runOnlyForDeploymentPostprocessing = 0;
		};
		CE464D2821F9BC4700B4573F /* Resources */ = {
			isa = PBXResourcesBuildPhase;
			buildActionMask = 2147483647;
			files = (
				CE464D3021F9BC4A00B4573F /* Assets.xcassets in Resources */,
				CE464D2E21F9BC4700B4573F /* Interface.storyboard in Resources */,
			);
			runOnlyForDeploymentPostprocessing = 0;
		};
		CE464D3421F9BC4A00B4573F /* Resources */ = {
			isa = PBXResourcesBuildPhase;
			buildActionMask = 2147483647;
			files = (
				CE464D4021F9BC4B00B4573F /* Assets.xcassets in Resources */,
			);
			runOnlyForDeploymentPostprocessing = 0;
		};
/* End PBXResourcesBuildPhase section */

/* Begin PBXShellScriptBuildPhase section */
		07B0DF4E7678A55D4A2A5FB1 /* [CP] Check Pods Manifest.lock */ = {
			isa = PBXShellScriptBuildPhase;
			buildActionMask = 2147483647;
			files = (
			);
			inputPaths = (
				"${PODS_PODFILE_DIR_PATH}/Podfile.lock",
				"${PODS_ROOT}/Manifest.lock",
			);
			name = "[CP] Check Pods Manifest.lock";
			outputPaths = (
				"$(DERIVED_FILE_DIR)/Pods-Watch Extension-checkManifestLockResult.txt",
			);
			runOnlyForDeploymentPostprocessing = 0;
			shellPath = /bin/sh;
			shellScript = "diff \"${PODS_PODFILE_DIR_PATH}/Podfile.lock\" \"${PODS_ROOT}/Manifest.lock\" > /dev/null\nif [ $? != 0 ] ; then\n    # print error to STDERR\n    echo \"error: The sandbox is not in sync with the Podfile.lock. Run 'pod install' or update your CocoaPods installation.\" >&2\n    exit 1\nfi\n# This output is used by Xcode 'outputs' to avoid re-running this script phase.\necho \"SUCCESS\" > \"${SCRIPT_OUTPUT_FILE_0}\"\n";
			showEnvVarsInLog = 0;
		};
		0B86F4AB79F005BD170E6FB8 /* [CP] Check Pods Manifest.lock */ = {
			isa = PBXShellScriptBuildPhase;
			buildActionMask = 2147483647;
			files = (
			);
			inputPaths = (
				"${PODS_PODFILE_DIR_PATH}/Podfile.lock",
				"${PODS_ROOT}/Manifest.lock",
			);
			name = "[CP] Check Pods Manifest.lock";
			outputPaths = (
				"$(DERIVED_FILE_DIR)/Pods-btcwatch-checkManifestLockResult.txt",
			);
			runOnlyForDeploymentPostprocessing = 0;
			shellPath = /bin/sh;
			shellScript = "diff \"${PODS_PODFILE_DIR_PATH}/Podfile.lock\" \"${PODS_ROOT}/Manifest.lock\" > /dev/null\nif [ $? != 0 ] ; then\n    # print error to STDERR\n    echo \"error: The sandbox is not in sync with the Podfile.lock. Run 'pod install' or update your CocoaPods installation.\" >&2\n    exit 1\nfi\n# This output is used by Xcode 'outputs' to avoid re-running this script phase.\necho \"SUCCESS\" > \"${SCRIPT_OUTPUT_FILE_0}\"\n";
			showEnvVarsInLog = 0;
		};
		0C4AE29A6E589A806E5C5B1C /* [CP] Check Pods Manifest.lock */ = {
			isa = PBXShellScriptBuildPhase;
			buildActionMask = 2147483647;
			files = (
			);
			inputPaths = (
				"${PODS_PODFILE_DIR_PATH}/Podfile.lock",
				"${PODS_ROOT}/Manifest.lock",
			);
			name = "[CP] Check Pods Manifest.lock";
			outputPaths = (
				"$(DERIVED_FILE_DIR)/Pods-Watch-checkManifestLockResult.txt",
			);
			runOnlyForDeploymentPostprocessing = 0;
			shellPath = /bin/sh;
			shellScript = "diff \"${PODS_PODFILE_DIR_PATH}/Podfile.lock\" \"${PODS_ROOT}/Manifest.lock\" > /dev/null\nif [ $? != 0 ] ; then\n    # print error to STDERR\n    echo \"error: The sandbox is not in sync with the Podfile.lock. Run 'pod install' or update your CocoaPods installation.\" >&2\n    exit 1\nfi\n# This output is used by Xcode 'outputs' to avoid re-running this script phase.\necho \"SUCCESS\" > \"${SCRIPT_OUTPUT_FILE_0}\"\n";
			showEnvVarsInLog = 0;
		};
		403396308BAB054C27F987CF /* [CP] Embed Pods Frameworks */ = {
			isa = PBXShellScriptBuildPhase;
			buildActionMask = 2147483647;
			files = (
			);
			inputPaths = (
				"${SRCROOT}/Pods/Target Support Files/Pods-Watch Extension/Pods-Watch Extension-frameworks.sh",
				"${BUILT_PRODUCTS_DIR}/Alamofire-watchOS/Alamofire.framework",
			);
			name = "[CP] Embed Pods Frameworks";
			outputPaths = (
				"${TARGET_BUILD_DIR}/${FRAMEWORKS_FOLDER_PATH}/Alamofire.framework",
			);
			runOnlyForDeploymentPostprocessing = 0;
			shellPath = /bin/sh;
			shellScript = "\"${SRCROOT}/Pods/Target Support Files/Pods-Watch Extension/Pods-Watch Extension-frameworks.sh\"\n";
			showEnvVarsInLog = 0;
		};
		5FDAD5EF6E0BA49AF71B9A70 /* [CP] Embed Pods Frameworks */ = {
			isa = PBXShellScriptBuildPhase;
			buildActionMask = 2147483647;
			files = (
			);
			inputPaths = (
				"${SRCROOT}/Pods/Target Support Files/Pods-btcwatch/Pods-btcwatch-frameworks.sh",
				"${BUILT_PRODUCTS_DIR}/Alamofire-iOS/Alamofire.framework",
			);
			name = "[CP] Embed Pods Frameworks";
			outputPaths = (
				"${TARGET_BUILD_DIR}/${FRAMEWORKS_FOLDER_PATH}/Alamofire.framework",
			);
			runOnlyForDeploymentPostprocessing = 0;
			shellPath = /bin/sh;
			shellScript = "\"${SRCROOT}/Pods/Target Support Files/Pods-btcwatch/Pods-btcwatch-frameworks.sh\"\n";
			showEnvVarsInLog = 0;
		};
		95C5884E6C7EAF095073E521 /* [CP] Check Pods Manifest.lock */ = {
			isa = PBXShellScriptBuildPhase;
			buildActionMask = 2147483647;
			files = (
			);
			inputPaths = (
				"${PODS_PODFILE_DIR_PATH}/Podfile.lock",
				"${PODS_ROOT}/Manifest.lock",
			);
			name = "[CP] Check Pods Manifest.lock";
			outputPaths = (
				"$(DERIVED_FILE_DIR)/Pods-btcwatchUITests-checkManifestLockResult.txt",
			);
			runOnlyForDeploymentPostprocessing = 0;
			shellPath = /bin/sh;
			shellScript = "diff \"${PODS_PODFILE_DIR_PATH}/Podfile.lock\" \"${PODS_ROOT}/Manifest.lock\" > /dev/null\nif [ $? != 0 ] ; then\n    # print error to STDERR\n    echo \"error: The sandbox is not in sync with the Podfile.lock. Run 'pod install' or update your CocoaPods installation.\" >&2\n    exit 1\nfi\n# This output is used by Xcode 'outputs' to avoid re-running this script phase.\necho \"SUCCESS\" > \"${SCRIPT_OUTPUT_FILE_0}\"\n";
			showEnvVarsInLog = 0;
		};
		E04987E92310B1BA47CD0F23 /* [CP] Check Pods Manifest.lock */ = {
			isa = PBXShellScriptBuildPhase;
			buildActionMask = 2147483647;
			files = (
			);
			inputPaths = (
				"${PODS_PODFILE_DIR_PATH}/Podfile.lock",
				"${PODS_ROOT}/Manifest.lock",
			);
			name = "[CP] Check Pods Manifest.lock";
			outputPaths = (
				"$(DERIVED_FILE_DIR)/Pods-btcwatchTests-checkManifestLockResult.txt",
			);
			runOnlyForDeploymentPostprocessing = 0;
			shellPath = /bin/sh;
			shellScript = "diff \"${PODS_PODFILE_DIR_PATH}/Podfile.lock\" \"${PODS_ROOT}/Manifest.lock\" > /dev/null\nif [ $? != 0 ] ; then\n    # print error to STDERR\n    echo \"error: The sandbox is not in sync with the Podfile.lock. Run 'pod install' or update your CocoaPods installation.\" >&2\n    exit 1\nfi\n# This output is used by Xcode 'outputs' to avoid re-running this script phase.\necho \"SUCCESS\" > \"${SCRIPT_OUTPUT_FILE_0}\"\n";
			showEnvVarsInLog = 0;
		};
/* End PBXShellScriptBuildPhase section */

/* Begin PBXSourcesBuildPhase section */
		CE464CF321F9BA4900B4573F /* Sources */ = {
			isa = PBXSourcesBuildPhase;
			buildActionMask = 2147483647;
			files = (
				CE464CFD21F9BA4900B4573F /* MainViewController.swift in Sources */,
				CEEA445821FD17F200F44A8A /* Extensions.swift in Sources */,
				CEEA445E21FD1B6000F44A8A /* BpiDataHistoric.swift in Sources */,
				CEEA445521FD00A900F44A8A /* BpiData.swift in Sources */,
				CEEA446121FD1E5A00F44A8A /* UserDefaultsKeys.swift in Sources */,
				CE464CFB21F9BA4900B4573F /* AppDelegate.swift in Sources */,
				CE464D5121F9CCD900B4573F /* RequestAndDecode.swift in Sources */,
				CE464D5621F9D6BC00B4573F /* BtcRateTableViewCell.swift in Sources */,
				CEEA445B21FD18E300F44A8A /* API.swift in Sources */,
			);
			runOnlyForDeploymentPostprocessing = 0;
		};
		CE464D0721F9BA4C00B4573F /* Sources */ = {
			isa = PBXSourcesBuildPhase;
			buildActionMask = 2147483647;
			files = (
				CEEA445321FB87EA00F44A8A /* btcwatchTests.swift in Sources */,
			);
			runOnlyForDeploymentPostprocessing = 0;
		};
		CE464D1221F9BA4C00B4573F /* Sources */ = {
			isa = PBXSourcesBuildPhase;
			buildActionMask = 2147483647;
			files = (
				CE464D1B21F9BA4C00B4573F /* btcwatchUITests.swift in Sources */,
			);
			runOnlyForDeploymentPostprocessing = 0;
		};
		CE464D3221F9BC4A00B4573F /* Sources */ = {
			isa = PBXSourcesBuildPhase;
			buildActionMask = 2147483647;
			files = (
				CEEA445F21FD1B6000F44A8A /* BpiDataHistoric.swift in Sources */,
				CEEA446221FD1E5A00F44A8A /* UserDefaultsKeys.swift in Sources */,
				CEEA445621FD00A900F44A8A /* BpiData.swift in Sources */,
				CE7C781221FE1DF5008D22DB /* BpiRowController.swift in Sources */,
				CE464D3E21F9BC4A00B4573F /* ExtensionDelegate.swift in Sources */,
				CE464D5221F9CCD900B4573F /* RequestAndDecode.swift in Sources */,
				CEEA445921FD17F200F44A8A /* Extensions.swift in Sources */,
				CEEA445C21FD18E300F44A8A /* API.swift in Sources */,
				CE7C780F21FE0DDC008D22DB /* BpiInterfaceController.swift in Sources */,
			);
			runOnlyForDeploymentPostprocessing = 0;
		};
/* End PBXSourcesBuildPhase section */

/* Begin PBXTargetDependency section */
		CE464D0D21F9BA4C00B4573F /* PBXTargetDependency */ = {
			isa = PBXTargetDependency;
			target = CE464CF621F9BA4900B4573F /* btcwatch */;
			targetProxy = CE464D0C21F9BA4C00B4573F /* PBXContainerItemProxy */;
		};
		CE464D1821F9BA4C00B4573F /* PBXTargetDependency */ = {
			isa = PBXTargetDependency;
			target = CE464CF621F9BA4900B4573F /* btcwatch */;
			targetProxy = CE464D1721F9BA4C00B4573F /* PBXContainerItemProxy */;
		};
		CE464D3921F9BC4A00B4573F /* PBXTargetDependency */ = {
			isa = PBXTargetDependency;
			target = CE464D3521F9BC4A00B4573F /* Watch Extension */;
			targetProxy = CE464D3821F9BC4A00B4573F /* PBXContainerItemProxy */;
		};
		CE464D4321F9BC4B00B4573F /* PBXTargetDependency */ = {
			isa = PBXTargetDependency;
			target = CE464D2921F9BC4700B4573F /* Watch */;
			targetProxy = CE464D4221F9BC4B00B4573F /* PBXContainerItemProxy */;
		};
/* End PBXTargetDependency section */

/* Begin PBXVariantGroup section */
		CE464CFE21F9BA4900B4573F /* Main.storyboard */ = {
			isa = PBXVariantGroup;
			children = (
				CE464CFF21F9BA4900B4573F /* Base */,
			);
			name = Main.storyboard;
			sourceTree = "<group>";
		};
		CE464D0321F9BA4C00B4573F /* LaunchScreen.storyboard */ = {
			isa = PBXVariantGroup;
			children = (
				CE464D0421F9BA4C00B4573F /* Base */,
			);
			name = LaunchScreen.storyboard;
			sourceTree = "<group>";
		};
		CE464D2C21F9BC4700B4573F /* Interface.storyboard */ = {
			isa = PBXVariantGroup;
			children = (
				CE464D2D21F9BC4700B4573F /* Base */,
			);
			name = Interface.storyboard;
			sourceTree = "<group>";
		};
/* End PBXVariantGroup section */

/* Begin XCBuildConfiguration section */
		CE464D1D21F9BA4C00B4573F /* Debug */ = {
			isa = XCBuildConfiguration;
			buildSettings = {
				ALWAYS_SEARCH_USER_PATHS = NO;
				CLANG_ANALYZER_NONNULL = YES;
				CLANG_ANALYZER_NUMBER_OBJECT_CONVERSION = YES_AGGRESSIVE;
				CLANG_CXX_LANGUAGE_STANDARD = "gnu++14";
				CLANG_CXX_LIBRARY = "libc++";
				CLANG_ENABLE_MODULES = YES;
				CLANG_ENABLE_OBJC_ARC = YES;
				CLANG_ENABLE_OBJC_WEAK = YES;
				CLANG_WARN_BLOCK_CAPTURE_AUTORELEASING = YES;
				CLANG_WARN_BOOL_CONVERSION = YES;
				CLANG_WARN_COMMA = YES;
				CLANG_WARN_CONSTANT_CONVERSION = YES;
				CLANG_WARN_DEPRECATED_OBJC_IMPLEMENTATIONS = YES;
				CLANG_WARN_DIRECT_OBJC_ISA_USAGE = YES_ERROR;
				CLANG_WARN_DOCUMENTATION_COMMENTS = YES;
				CLANG_WARN_EMPTY_BODY = YES;
				CLANG_WARN_ENUM_CONVERSION = YES;
				CLANG_WARN_INFINITE_RECURSION = YES;
				CLANG_WARN_INT_CONVERSION = YES;
				CLANG_WARN_NON_LITERAL_NULL_CONVERSION = YES;
				CLANG_WARN_OBJC_IMPLICIT_RETAIN_SELF = YES;
				CLANG_WARN_OBJC_LITERAL_CONVERSION = YES;
				CLANG_WARN_OBJC_ROOT_CLASS = YES_ERROR;
				CLANG_WARN_RANGE_LOOP_ANALYSIS = YES;
				CLANG_WARN_STRICT_PROTOTYPES = YES;
				CLANG_WARN_SUSPICIOUS_MOVE = YES;
				CLANG_WARN_UNGUARDED_AVAILABILITY = YES_AGGRESSIVE;
				CLANG_WARN_UNREACHABLE_CODE = YES;
				CLANG_WARN__DUPLICATE_METHOD_MATCH = YES;
				CODE_SIGN_IDENTITY = "iPhone Developer";
				COPY_PHASE_STRIP = NO;
				DEBUG_INFORMATION_FORMAT = dwarf;
				ENABLE_STRICT_OBJC_MSGSEND = YES;
				ENABLE_TESTABILITY = YES;
				GCC_C_LANGUAGE_STANDARD = gnu11;
				GCC_DYNAMIC_NO_PIC = NO;
				GCC_NO_COMMON_BLOCKS = YES;
				GCC_OPTIMIZATION_LEVEL = 0;
				GCC_PREPROCESSOR_DEFINITIONS = (
					"DEBUG=1",
					"$(inherited)",
				);
				GCC_WARN_64_TO_32_BIT_CONVERSION = YES;
				GCC_WARN_ABOUT_RETURN_TYPE = YES_ERROR;
				GCC_WARN_UNDECLARED_SELECTOR = YES;
				GCC_WARN_UNINITIALIZED_AUTOS = YES_AGGRESSIVE;
				GCC_WARN_UNUSED_FUNCTION = YES;
				GCC_WARN_UNUSED_VARIABLE = YES;
				IPHONEOS_DEPLOYMENT_TARGET = 12.1;
				MTL_ENABLE_DEBUG_INFO = INCLUDE_SOURCE;
				MTL_FAST_MATH = YES;
				ONLY_ACTIVE_ARCH = YES;
				SDKROOT = iphoneos;
				SWIFT_ACTIVE_COMPILATION_CONDITIONS = DEBUG;
				SWIFT_OPTIMIZATION_LEVEL = "-Onone";
			};
			name = Debug;
		};
		CE464D1E21F9BA4C00B4573F /* Release */ = {
			isa = XCBuildConfiguration;
			buildSettings = {
				ALWAYS_SEARCH_USER_PATHS = NO;
				CLANG_ANALYZER_NONNULL = YES;
				CLANG_ANALYZER_NUMBER_OBJECT_CONVERSION = YES_AGGRESSIVE;
				CLANG_CXX_LANGUAGE_STANDARD = "gnu++14";
				CLANG_CXX_LIBRARY = "libc++";
				CLANG_ENABLE_MODULES = YES;
				CLANG_ENABLE_OBJC_ARC = YES;
				CLANG_ENABLE_OBJC_WEAK = YES;
				CLANG_WARN_BLOCK_CAPTURE_AUTORELEASING = YES;
				CLANG_WARN_BOOL_CONVERSION = YES;
				CLANG_WARN_COMMA = YES;
				CLANG_WARN_CONSTANT_CONVERSION = YES;
				CLANG_WARN_DEPRECATED_OBJC_IMPLEMENTATIONS = YES;
				CLANG_WARN_DIRECT_OBJC_ISA_USAGE = YES_ERROR;
				CLANG_WARN_DOCUMENTATION_COMMENTS = YES;
				CLANG_WARN_EMPTY_BODY = YES;
				CLANG_WARN_ENUM_CONVERSION = YES;
				CLANG_WARN_INFINITE_RECURSION = YES;
				CLANG_WARN_INT_CONVERSION = YES;
				CLANG_WARN_NON_LITERAL_NULL_CONVERSION = YES;
				CLANG_WARN_OBJC_IMPLICIT_RETAIN_SELF = YES;
				CLANG_WARN_OBJC_LITERAL_CONVERSION = YES;
				CLANG_WARN_OBJC_ROOT_CLASS = YES_ERROR;
				CLANG_WARN_RANGE_LOOP_ANALYSIS = YES;
				CLANG_WARN_STRICT_PROTOTYPES = YES;
				CLANG_WARN_SUSPICIOUS_MOVE = YES;
				CLANG_WARN_UNGUARDED_AVAILABILITY = YES_AGGRESSIVE;
				CLANG_WARN_UNREACHABLE_CODE = YES;
				CLANG_WARN__DUPLICATE_METHOD_MATCH = YES;
				CODE_SIGN_IDENTITY = "iPhone Developer";
				COPY_PHASE_STRIP = NO;
				DEBUG_INFORMATION_FORMAT = "dwarf-with-dsym";
				ENABLE_NS_ASSERTIONS = NO;
				ENABLE_STRICT_OBJC_MSGSEND = YES;
				GCC_C_LANGUAGE_STANDARD = gnu11;
				GCC_NO_COMMON_BLOCKS = YES;
				GCC_WARN_64_TO_32_BIT_CONVERSION = YES;
				GCC_WARN_ABOUT_RETURN_TYPE = YES_ERROR;
				GCC_WARN_UNDECLARED_SELECTOR = YES;
				GCC_WARN_UNINITIALIZED_AUTOS = YES_AGGRESSIVE;
				GCC_WARN_UNUSED_FUNCTION = YES;
				GCC_WARN_UNUSED_VARIABLE = YES;
				IPHONEOS_DEPLOYMENT_TARGET = 12.1;
				MTL_ENABLE_DEBUG_INFO = NO;
				MTL_FAST_MATH = YES;
				SDKROOT = iphoneos;
				SWIFT_COMPILATION_MODE = wholemodule;
				SWIFT_OPTIMIZATION_LEVEL = "-O";
				VALIDATE_PRODUCT = YES;
			};
			name = Release;
		};
		CE464D2021F9BA4C00B4573F /* Debug */ = {
			isa = XCBuildConfiguration;
			baseConfigurationReference = 17EBFD05130A35FE6664053B /* Pods-btcwatch.debug.xcconfig */;
			buildSettings = {
				ASSETCATALOG_COMPILER_APPICON_NAME = AppIcon;
				CODE_SIGN_ENTITLEMENTS = btcwatch/btcwatch.entitlements;
				CODE_SIGN_IDENTITY = "iPhone Developer";
				CODE_SIGN_STYLE = Automatic;
				DEVELOPMENT_TEAM = R6GZ7F39AP;
				INFOPLIST_FILE = btcwatch/Info.plist;
				LD_RUNPATH_SEARCH_PATHS = (
					"$(inherited)",
					"@executable_path/Frameworks",
				);
				PRODUCT_BUNDLE_IDENTIFIER = st.mic.btcwatch;
				PRODUCT_NAME = "$(TARGET_NAME)";
				PROVISIONING_PROFILE_SPECIFIER = "";
				SWIFT_VERSION = 4.2;
				TARGETED_DEVICE_FAMILY = 1;
			};
			name = Debug;
		};
		CE464D2121F9BA4C00B4573F /* Release */ = {
			isa = XCBuildConfiguration;
			baseConfigurationReference = 59ADA540CD4175092E289BF2 /* Pods-btcwatch.release.xcconfig */;
			buildSettings = {
				ASSETCATALOG_COMPILER_APPICON_NAME = AppIcon;
				CODE_SIGN_ENTITLEMENTS = btcwatch/btcwatch.entitlements;
				CODE_SIGN_IDENTITY = "iPhone Developer";
				CODE_SIGN_STYLE = Automatic;
				DEVELOPMENT_TEAM = R6GZ7F39AP;
				INFOPLIST_FILE = btcwatch/Info.plist;
				LD_RUNPATH_SEARCH_PATHS = (
					"$(inherited)",
					"@executable_path/Frameworks",
				);
				PRODUCT_BUNDLE_IDENTIFIER = st.mic.btcwatch;
				PRODUCT_NAME = "$(TARGET_NAME)";
				PROVISIONING_PROFILE_SPECIFIER = "";
				SWIFT_VERSION = 4.2;
				TARGETED_DEVICE_FAMILY = 1;
			};
			name = Release;
		};
		CE464D2321F9BA4C00B4573F /* Debug */ = {
			isa = XCBuildConfiguration;
			baseConfigurationReference = 7CDE6668D798F7425F4CD1B0 /* Pods-btcwatchTests.debug.xcconfig */;
			buildSettings = {
				ALWAYS_EMBED_SWIFT_STANDARD_LIBRARIES = YES;
				BUNDLE_LOADER = "$(TEST_HOST)";
				CODE_SIGN_STYLE = Automatic;
				DEVELOPMENT_TEAM = R6GZ7F39AP;
				INFOPLIST_FILE = btcwatchTests/Info.plist;
				LD_RUNPATH_SEARCH_PATHS = (
					"$(inherited)",
					"@executable_path/Frameworks",
					"@loader_path/Frameworks",
				);
				PRODUCT_BUNDLE_IDENTIFIER = st.mic.btcwatchTests;
				PRODUCT_NAME = "$(TARGET_NAME)";
				SWIFT_VERSION = 4.2;
				TARGETED_DEVICE_FAMILY = "1,2";
				TEST_HOST = "$(BUILT_PRODUCTS_DIR)/btcwatch.app/btcwatch";
			};
			name = Debug;
		};
		CE464D2421F9BA4C00B4573F /* Release */ = {
			isa = XCBuildConfiguration;
			baseConfigurationReference = 07B8587708135F5D6A4E3988 /* Pods-btcwatchTests.release.xcconfig */;
			buildSettings = {
				ALWAYS_EMBED_SWIFT_STANDARD_LIBRARIES = YES;
				BUNDLE_LOADER = "$(TEST_HOST)";
				CODE_SIGN_STYLE = Automatic;
				DEVELOPMENT_TEAM = R6GZ7F39AP;
				INFOPLIST_FILE = btcwatchTests/Info.plist;
				LD_RUNPATH_SEARCH_PATHS = (
					"$(inherited)",
					"@executable_path/Frameworks",
					"@loader_path/Frameworks",
				);
				PRODUCT_BUNDLE_IDENTIFIER = st.mic.btcwatchTests;
				PRODUCT_NAME = "$(TARGET_NAME)";
				SWIFT_VERSION = 4.2;
				TARGETED_DEVICE_FAMILY = "1,2";
				TEST_HOST = "$(BUILT_PRODUCTS_DIR)/btcwatch.app/btcwatch";
			};
			name = Release;
		};
		CE464D2621F9BA4C00B4573F /* Debug */ = {
			isa = XCBuildConfiguration;
			baseConfigurationReference = 946F65EB31DE2142531FF8CD /* Pods-btcwatchUITests.debug.xcconfig */;
			buildSettings = {
				ALWAYS_EMBED_SWIFT_STANDARD_LIBRARIES = YES;
				CODE_SIGN_STYLE = Automatic;
				DEVELOPMENT_TEAM = R6GZ7F39AP;
				INFOPLIST_FILE = btcwatchUITests/Info.plist;
				LD_RUNPATH_SEARCH_PATHS = (
					"$(inherited)",
					"@executable_path/Frameworks",
					"@loader_path/Frameworks",
				);
				PRODUCT_BUNDLE_IDENTIFIER = st.mic.btcwatchUITests;
				PRODUCT_NAME = "$(TARGET_NAME)";
				SWIFT_VERSION = 4.2;
				TARGETED_DEVICE_FAMILY = "1,2";
				TEST_TARGET_NAME = btcwatch;
			};
			name = Debug;
		};
		CE464D2721F9BA4C00B4573F /* Release */ = {
			isa = XCBuildConfiguration;
			baseConfigurationReference = 7B900117BBFA4B9A03AFBB7D /* Pods-btcwatchUITests.release.xcconfig */;
			buildSettings = {
				ALWAYS_EMBED_SWIFT_STANDARD_LIBRARIES = YES;
				CODE_SIGN_STYLE = Automatic;
				DEVELOPMENT_TEAM = R6GZ7F39AP;
				INFOPLIST_FILE = btcwatchUITests/Info.plist;
				LD_RUNPATH_SEARCH_PATHS = (
					"$(inherited)",
					"@executable_path/Frameworks",
					"@loader_path/Frameworks",
				);
				PRODUCT_BUNDLE_IDENTIFIER = st.mic.btcwatchUITests;
				PRODUCT_NAME = "$(TARGET_NAME)";
				SWIFT_VERSION = 4.2;
				TARGETED_DEVICE_FAMILY = "1,2";
				TEST_TARGET_NAME = btcwatch;
			};
			name = Release;
		};
		CE464D4621F9BC4B00B4573F /* Debug */ = {
			isa = XCBuildConfiguration;
			baseConfigurationReference = 3F421E66E0C2796B3BDD203B /* Pods-Watch Extension.debug.xcconfig */;
			buildSettings = {
				ASSETCATALOG_COMPILER_COMPLICATION_NAME = Complication;
				CODE_SIGN_ENTITLEMENTS = "Watch Extension/Watch Extension.entitlements";
				CODE_SIGN_STYLE = Automatic;
				DEVELOPMENT_TEAM = R6GZ7F39AP;
				INFOPLIST_FILE = "Watch Extension/Info.plist";
				LD_RUNPATH_SEARCH_PATHS = (
					"$(inherited)",
					"@executable_path/Frameworks",
					"@executable_path/../../Frameworks",
				);
				PRODUCT_BUNDLE_IDENTIFIER = st.mic.btcwatch.watchkitapp.watchkitextension;
				PRODUCT_NAME = "${TARGET_NAME}";
				SDKROOT = watchos;
				SKIP_INSTALL = YES;
				SWIFT_VERSION = 4.2;
				TARGETED_DEVICE_FAMILY = 4;
				WATCHOS_DEPLOYMENT_TARGET = 5.1;
			};
			name = Debug;
		};
		CE464D4721F9BC4B00B4573F /* Release */ = {
			isa = XCBuildConfiguration;
			baseConfigurationReference = 77A9439B28B1D9990D4348DB /* Pods-Watch Extension.release.xcconfig */;
			buildSettings = {
				ASSETCATALOG_COMPILER_COMPLICATION_NAME = Complication;
				CODE_SIGN_ENTITLEMENTS = "Watch Extension/Watch Extension.entitlements";
				CODE_SIGN_STYLE = Automatic;
				DEVELOPMENT_TEAM = R6GZ7F39AP;
				INFOPLIST_FILE = "Watch Extension/Info.plist";
				LD_RUNPATH_SEARCH_PATHS = (
					"$(inherited)",
					"@executable_path/Frameworks",
					"@executable_path/../../Frameworks",
				);
				PRODUCT_BUNDLE_IDENTIFIER = st.mic.btcwatch.watchkitapp.watchkitextension;
				PRODUCT_NAME = "${TARGET_NAME}";
				SDKROOT = watchos;
				SKIP_INSTALL = YES;
				SWIFT_VERSION = 4.2;
				TARGETED_DEVICE_FAMILY = 4;
				WATCHOS_DEPLOYMENT_TARGET = 5.1;
			};
			name = Release;
		};
		CE464D4A21F9BC4B00B4573F /* Debug */ = {
			isa = XCBuildConfiguration;
			baseConfigurationReference = DA47B8660493AFA5354F8A12 /* Pods-Watch.debug.xcconfig */;
			buildSettings = {
				ALWAYS_EMBED_SWIFT_STANDARD_LIBRARIES = YES;
				ASSETCATALOG_COMPILER_APPICON_NAME = AppIcon;
				CODE_SIGN_IDENTITY = "iPhone Developer";
				CODE_SIGN_STYLE = Automatic;
				DEVELOPMENT_TEAM = R6GZ7F39AP;
				IBSC_MODULE = Watch_Extension;
				INFOPLIST_FILE = Watch/Info.plist;
				PRODUCT_BUNDLE_IDENTIFIER = st.mic.btcwatch.watchkitapp;
				PRODUCT_NAME = "$(TARGET_NAME)";
				SDKROOT = watchos;
				SKIP_INSTALL = YES;
				SWIFT_VERSION = 4.2;
				TARGETED_DEVICE_FAMILY = 4;
				WATCHOS_DEPLOYMENT_TARGET = 5.1;
			};
			name = Debug;
		};
		CE464D4B21F9BC4B00B4573F /* Release */ = {
			isa = XCBuildConfiguration;
			baseConfigurationReference = 86EDE8B88FD9AB7D9749E723 /* Pods-Watch.release.xcconfig */;
			buildSettings = {
				ALWAYS_EMBED_SWIFT_STANDARD_LIBRARIES = YES;
				ASSETCATALOG_COMPILER_APPICON_NAME = AppIcon;
				CODE_SIGN_IDENTITY = "iPhone Developer";
				CODE_SIGN_STYLE = Automatic;
				DEVELOPMENT_TEAM = R6GZ7F39AP;
				IBSC_MODULE = Watch_Extension;
				INFOPLIST_FILE = Watch/Info.plist;
				PRODUCT_BUNDLE_IDENTIFIER = st.mic.btcwatch.watchkitapp;
				PRODUCT_NAME = "$(TARGET_NAME)";
				SDKROOT = watchos;
				SKIP_INSTALL = YES;
				SWIFT_VERSION = 4.2;
				TARGETED_DEVICE_FAMILY = 4;
				WATCHOS_DEPLOYMENT_TARGET = 5.1;
			};
			name = Release;
		};
/* End XCBuildConfiguration section */

/* Begin XCConfigurationList section */
		CE464CF221F9BA4800B4573F /* Build configuration list for PBXProject "btcwatch" */ = {
			isa = XCConfigurationList;
			buildConfigurations = (
				CE464D1D21F9BA4C00B4573F /* Debug */,
				CE464D1E21F9BA4C00B4573F /* Release */,
			);
			defaultConfigurationIsVisible = 0;
			defaultConfigurationName = Release;
		};
		CE464D1F21F9BA4C00B4573F /* Build configuration list for PBXNativeTarget "btcwatch" */ = {
			isa = XCConfigurationList;
			buildConfigurations = (
				CE464D2021F9BA4C00B4573F /* Debug */,
				CE464D2121F9BA4C00B4573F /* Release */,
			);
			defaultConfigurationIsVisible = 0;
			defaultConfigurationName = Release;
		};
		CE464D2221F9BA4C00B4573F /* Build configuration list for PBXNativeTarget "btcwatchTests" */ = {
			isa = XCConfigurationList;
			buildConfigurations = (
				CE464D2321F9BA4C00B4573F /* Debug */,
				CE464D2421F9BA4C00B4573F /* Release */,
			);
			defaultConfigurationIsVisible = 0;
			defaultConfigurationName = Release;
		};
		CE464D2521F9BA4C00B4573F /* Build configuration list for PBXNativeTarget "btcwatchUITests" */ = {
			isa = XCConfigurationList;
			buildConfigurations = (
				CE464D2621F9BA4C00B4573F /* Debug */,
				CE464D2721F9BA4C00B4573F /* Release */,
			);
			defaultConfigurationIsVisible = 0;
			defaultConfigurationName = Release;
		};
		CE464D4521F9BC4B00B4573F /* Build configuration list for PBXNativeTarget "Watch Extension" */ = {
			isa = XCConfigurationList;
			buildConfigurations = (
				CE464D4621F9BC4B00B4573F /* Debug */,
				CE464D4721F9BC4B00B4573F /* Release */,
			);
			defaultConfigurationIsVisible = 0;
			defaultConfigurationName = Release;
		};
		CE464D4921F9BC4B00B4573F /* Build configuration list for PBXNativeTarget "Watch" */ = {
			isa = XCConfigurationList;
			buildConfigurations = (
				CE464D4A21F9BC4B00B4573F /* Debug */,
				CE464D4B21F9BC4B00B4573F /* Release */,
			);
			defaultConfigurationIsVisible = 0;
			defaultConfigurationName = Release;
		};
/* End XCConfigurationList section */
	};
	rootObject = CE464CEF21F9BA4800B4573F /* Project object */;
}
